
Microsoft Visual Studio Solution File, Format Version 12.00
# Visual Studio 15
VisualStudioVersion = 15.0.28307.168
MinimumVisualStudioVersion = 10.0.40219.1
Project("{FAE04EC0-301F-11D3-BF4B-00C04F79EFBC}") = "BirthdayLearn", "BirthdayLearn\BirthdayLearn.csproj", "{7F40BC8D-FC74-45AD-8195-0E0EBE3F83EB}"
EndProject
Global
	GlobalSection(SolutionConfigurationPlatforms) = preSolution
		Debug|Any CPU = Debug|Any CPU
		Release|Any CPU = Release|Any CPU
	EndGlobalSection
	GlobalSection(ProjectConfigurationPlatforms) = postSolution
		{7F40BC8D-FC74-45AD-8195-0E0EBE3F83EB}.Debug|Any CPU.ActiveCfg = Debug|Any CPU
		{7F40BC8D-FC74-45AD-8195-0E0EBE3F83EB}.Debug|Any CPU.Build.0 = Debug|Any CPU
		{7F40BC8D-FC74-45AD-8195-0E0EBE3F83EB}.Release|Any CPU.ActiveCfg = Release|Any CPU
		{7F40BC8D-FC74-45AD-8195-0E0EBE3F83EB}.Release|Any CPU.Build.0 = Release|Any CPU
	EndGlobalSection
	GlobalSection(SolutionProperties) = preSolution
		HideSolutionNode = FALSE
	EndGlobalSection
	GlobalSection(ExtensibilityGlobals) = postSolution
		SolutionGuid = {CE623813-0B0C-49B8-AC0D-C577F0C11690}
	EndGlobalSection
EndGlobal
